<?xml version="1.0" encoding="utf-8"?>
<Project ToolsVersion="4.0" xmlns="http://schemas.microsoft.com/developer/msbuild/2003">
  <ItemGroup>
    <Filter Include="소스 파일">
      <UniqueIdentifier>{4FC737F1-C7A5-4376-A066-2A32D752A2FF}</UniqueIdentifier>
      <Extensions>cpp;c;cc;cxx;def;odl;idl;hpj;bat;asm;asmx</Extensions>
    </Filter>
    <Filter Include="헤더 파일">
      <UniqueIdentifier>{93995380-89BD-4b04-88EB-625FBE52EBFB}</UniqueIdentifier>
      <Extensions>h;hh;hpp;hxx;hm;inl;inc;ipp;xsd</Extensions>
    </Filter>
    <Filter Include="리소스 파일">
      <UniqueIdentifier>{67DA6AB6-F800-4c08-8B7A-83BB121AAD01}</UniqueIdentifier>
      <Extensions>rc;ico;cur;bmp;dlg;rc2;rct;bin;rgs;gif;jpg;jpeg;jpe;resx;tiff;tif;png;wav;mfcribbon-ms</Extensions>
    </Filter>
  </ItemGroup>
  <ItemGroup>
    <ClCompile Include="GameState.cpp">
      <Filter>소스 파일</Filter>
    </ClCompile>
    <ClCompile Include="Animation_Object.cpp">
      <Filter>소스 파일</Filter>
    </ClCompile>
    <ClCompile Include="Mario.cpp">
      <Filter>소스 파일</Filter>
    </ClCompile>
    <ClCompile Include="GeometricObject.cpp">
      <Filter>소스 파일</Filter>
    </ClCompile>
    <ClCompile Include="Event_GeometricObject.cpp">
      <Filter>소스 파일</Filter>
    </ClCompile>
    <ClCompile Include="Collision.cpp">
      <Filter>소스 파일</Filter>
    </ClCompile>
    <ClCompile Include="Game.cpp">
      <Filter>소스 파일</Filter>
    </ClCompile>
    <ClCompile Include="BrickWreck.cpp">
      <Filter>소스 파일</Filter>
    </ClCompile>
    <ClCompile Include="Camera.cpp">
      <Filter>소스 파일</Filter>
    </ClCompile>
    <ClCompile Include="AssetManager.cpp">
      <Filter>소스 파일</Filter>
    </ClCompile>
    <ClCompile Include="Tiles.cpp">
      <Filter>소스 파일</Filter>
    </ClCompile>
    <ClCompile Include="main.cpp">
      <Filter>소스 파일</Filter>
    </ClCompile>
    <ClCompile Include="StateMachine.cpp">
      <Filter>소스 파일</Filter>
    </ClCompile>
    <ClCompile Include="SplashState.cpp">
      <Filter>소스 파일</Filter>
    </ClCompile>
    <ClCompile Include="InputManager.cpp">
      <Filter>소스 파일</Filter>
    </ClCompile>
    <ClCompile Include="GameOverState.cpp">
      <Filter>소스 파일</Filter>
    </ClCompile>
    <ClCompile Include="MainMenuState.cpp">
      <Filter>소스 파일</Filter>
    </ClCompile>
  </ItemGroup>
  <ItemGroup>
    <ClInclude Include="GameState.hpp">
      <Filter>헤더 파일</Filter>
    </ClInclude>
    <ClInclude Include="DEFINITIONS.hpp">
      <Filter>헤더 파일</Filter>
    </ClInclude>
    <ClInclude Include="Animation_Object.hpp">
      <Filter>헤더 파일</Filter>
    </ClInclude>
    <ClInclude Include="Event_GeometricObject.hpp">
      <Filter>헤더 파일</Filter>
    </ClInclude>
    <ClInclude Include="GeometricObject.hpp">
      <Filter>헤더 파일</Filter>
    </ClInclude>
    <ClInclude Include="Mario.hpp">
      <Filter>헤더 파일</Filter>
    </ClInclude>
    <ClInclude Include="BrickWreck.hpp">
      <Filter>헤더 파일</Filter>
    </ClInclude>
    <ClInclude Include="AssetManager.hpp">
      <Filter>헤더 파일</Filter>
    </ClInclude>
    <ClInclude Include="Collision.hpp">
      <Filter>헤더 파일</Filter>
    </ClInclude>
    <ClInclude Include="Brick.hpp">
      <Filter>헤더 파일</Filter>
    </ClInclude>
    <ClInclude Include="Camera.hpp">
      <Filter>헤더 파일</Filter>
    </ClInclude>
    <ClInclude Include="Tiles.hpp">
      <Filter>헤더 파일</Filter>
    </ClInclude>
    <ClInclude Include="MainMenuState.hpp">
      <Filter>헤더 파일</Filter>
    </ClInclude>
    <ClInclude Include="Game.hpp">
      <Filter>헤더 파일</Filter>
    </ClInclude>
    <ClInclude Include="GameOverState.hpp">
      <Filter>헤더 파일</Filter>
    </ClInclude>
    <ClInclude Include="InputManager.hpp">
      <Filter>헤더 파일</Filter>
    </ClInclude>
    <ClInclude Include="SplashState.hpp">
      <Filter>헤더 파일</Filter>
    </ClInclude>
    <ClInclude Include="State.hpp">
      <Filter>헤더 파일</Filter>
    </ClInclude>
    <ClInclude Include="StateMachine.hpp">
      <Filter>헤더 파일</Filter>
    </ClInclude>
  </ItemGroup>
</Project>